// !$*UTF8*$!
{
	archiveVersion = 1;
	classes = {
	};
	objectVersion = 56;
	objects = {

/* Begin PBXBuildFile section */
		694892D129E03BAD0034BF71 /* AppDelegate.swift in Sources */ = {isa = PBXBuildFile; fileRef = 694892D029E03BAD0034BF71 /* AppDelegate.swift */; };
		694892D329E03BAD0034BF71 /* SceneDelegate.swift in Sources */ = {isa = PBXBuildFile; fileRef = 694892D229E03BAD0034BF71 /* SceneDelegate.swift */; };
		694892D529E03BAD0034BF71 /* ViewController.swift in Sources */ = {isa = PBXBuildFile; fileRef = 694892D429E03BAD0034BF71 /* ViewController.swift */; };
		694892D829E03BAD0034BF71 /* Main.storyboard in Resources */ = {isa = PBXBuildFile; fileRef = 694892D629E03BAD0034BF71 /* Main.storyboard */; };
		694892DA29E03BAE0034BF71 /* Assets.xcassets in Resources */ = {isa = PBXBuildFile; fileRef = 694892D929E03BAE0034BF71 /* Assets.xcassets */; };
		694892DD29E03BAE0034BF71 /* LaunchScreen.storyboard in Resources */ = {isa = PBXBuildFile; fileRef = 694892DB29E03BAE0034BF71 /* LaunchScreen.storyboard */; };
		694892E829E03BAE0034BF71 /* SwiftTestTests.swift in Sources */ = {isa = PBXBuildFile; fileRef = 694892E729E03BAE0034BF71 /* SwiftTestTests.swift */; };
		694892F229E03BAE0034BF71 /* SwiftTestUITests.swift in Sources */ = {isa = PBXBuildFile; fileRef = 694892F129E03BAE0034BF71 /* SwiftTestUITests.swift */; };
		694892F429E03BAE0034BF71 /* SwiftTestUITestsLaunchTests.swift in Sources */ = {isa = PBXBuildFile; fileRef = 694892F329E03BAE0034BF71 /* SwiftTestUITestsLaunchTests.swift */; };
		6948930129E03BD10034BF71 /* MathFunc.swift in Sources */ = {isa = PBXBuildFile; fileRef = 6948930029E03BD10034BF71 /* MathFunc.swift */; };
/* End PBXBuildFile section */

/* Begin PBXContainerItemProxy section */
		694892E429E03BAE0034BF71 /* PBXContainerItemProxy */ = {
			isa = PBXContainerItemProxy;
			containerPortal = 694892C529E03BAD0034BF71 /* Project object */;
			proxyType = 1;
			remoteGlobalIDString = 694892CC29E03BAD0034BF71;
			remoteInfo = SwiftTest;
		};
		694892EE29E03BAE0034BF71 /* PBXContainerItemProxy */ = {
			isa = PBXContainerItemProxy;
			containerPortal = 694892C529E03BAD0034BF71 /* Project object */;
			proxyType = 1;
			remoteGlobalIDString = 694892CC29E03BAD0034BF71;
			remoteInfo = SwiftTest;
		};
/* End PBXContainerItemProxy section */

/* Begin PBXFileReference section */
		694892CD29E03BAD0034BF71 /* SwiftTest.app */ = {isa = PBXFileReference; explicitFileType = wrapper.application; includeInIndex = 0; path = SwiftTest.app; sourceTree = BUILT_PRODUCTS_DIR; };
		694892D029E03BAD0034BF71 /* AppDelegate.swift */ = {isa = PBXFileReference; lastKnownFileType = sourcecode.swift; path = AppDelegate.swift; sourceTree = "<group>"; };
		694892D229E03BAD0034BF71 /* SceneDelegate.swift */ = {isa = PBXFileReference; lastKnownFileType = sourcecode.swift; path = SceneDelegate.swift; sourceTree = "<group>"; };
		694892D429E03BAD0034BF71 /* ViewController.swift */ = {isa = PBXFileReference; lastKnownFileType = sourcecode.swift; path = ViewController.swift; sourceTree = "<group>"; };
		694892D729E03BAD0034BF71 /* Base */ = {isa = PBXFileReference; lastKnownFileType = file.storyboard; name = Base; path = Base.lproj/Main.storyboard; sourceTree = "<group>"; };
		694892D929E03BAE0034BF71 /* Assets.xcassets */ = {isa = PBXFileReference; lastKnownFileType = folder.assetcatalog; path = Assets.xcassets; sourceTree = "<group>"; };
		694892DC29E03BAE0034BF71 /* Base */ = {isa = PBXFileReference; lastKnownFileType = file.storyboard; name = Base; path = Base.lproj/LaunchScreen.storyboard; sourceTree = "<group>"; };
		694892DE29E03BAE0034BF71 /* Info.plist */ = {isa = PBXFileReference; lastKnownFileType = text.plist.xml; path = Info.plist; sourceTree = "<group>"; };
		694892E329E03BAE0034BF71 /* SwiftTestTests.xctest */ = {isa = PBXFileReference; explicitFileType = wrapper.cfbundle; includeInIndex = 0; path = SwiftTestTests.xctest; sourceTree = BUILT_PRODUCTS_DIR; };
		694892E729E03BAE0034BF71 /* SwiftTestTests.swift */ = {isa = PBXFileReference; lastKnownFileType = sourcecode.swift; path = SwiftTestTests.swift; sourceTree = "<group>"; };
		694892ED29E03BAE0034BF71 /* SwiftTestUITests.xctest */ = {isa = PBXFileReference; explicitFileType = wrapper.cfbundle; includeInIndex = 0; path = SwiftTestUITests.xctest; sourceTree = BUILT_PRODUCTS_DIR; };
		694892F129E03BAE0034BF71 /* SwiftTestUITests.swift */ = {isa = PBXFileReference; lastKnownFileType = sourcecode.swift; path = SwiftTestUITests.swift; sourceTree = "<group>"; };
		694892F329E03BAE0034BF71 /* SwiftTestUITestsLaunchTests.swift */ = {isa = PBXFileReference; lastKnownFileType = sourcecode.swift; path = SwiftTestUITestsLaunchTests.swift; sourceTree = "<group>"; };
		6948930029E03BD10034BF71 /* MathFunc.swift */ = {isa = PBXFileReference; lastKnownFileType = sourcecode.swift; path = MathFunc.swift; sourceTree = "<group>"; };
/* End PBXFileReference section */

/* Begin PBXFrameworksBuildPhase section */
		694892CA29E03BAD0034BF71 /* Frameworks */ = {
			isa = PBXFrameworksBuildPhase;
			buildActionMask = 2147483647;
			files = (
			);
			runOnlyForDeploymentPostprocessing = 0;
		};
		694892E029E03BAE0034BF71 /* Frameworks */ = {
			isa = PBXFrameworksBuildPhase;
			buildActionMask = 2147483647;
			files = (
			);
			runOnlyForDeploymentPostprocessing = 0;
		};
		694892EA29E03BAE0034BF71 /* Frameworks */ = {
			isa = PBXFrameworksBuildPhase;
			buildActionMask = 2147483647;
			files = (
			);
			runOnlyForDeploymentPostprocessing = 0;
		};
/* End PBXFrameworksBuildPhase section */

/* Begin PBXGroup section */
		694892C429E03BAD0034BF71 = {
			isa = PBXGroup;
			children = (
				694892CF29E03BAD0034BF71 /* SwiftTest */,
				694892E629E03BAE0034BF71 /* SwiftTestTests */,
				694892F029E03BAE0034BF71 /* SwiftTestUITests */,
				694892CE29E03BAD0034BF71 /* Products */,
			);
			sourceTree = "<group>";
		};
		694892CE29E03BAD0034BF71 /* Products */ = {
			isa = PBXGroup;
			children = (
				694892CD29E03BAD0034BF71 /* SwiftTest.app */,
				694892E329E03BAE0034BF71 /* SwiftTestTests.xctest */,
				694892ED29E03BAE0034BF71 /* SwiftTestUITests.xctest */,
			);
			name = Products;
			sourceTree = "<group>";
		};
		694892CF29E03BAD0034BF71 /* SwiftTest */ = {
			isa = PBXGroup;
			children = (
				694892D029E03BAD0034BF71 /* AppDelegate.swift */,
				694892D229E03BAD0034BF71 /* SceneDelegate.swift */,
				694892D429E03BAD0034BF71 /* ViewController.swift */,
				6948930029E03BD10034BF71 /* MathFunc.swift */,
				694892D629E03BAD0034BF71 /* Main.storyboard */,
				694892D929E03BAE0034BF71 /* Assets.xcassets */,
				694892DB29E03BAE0034BF71 /* LaunchScreen.storyboard */,
				694892DE29E03BAE0034BF71 /* Info.plist */,
			);
			path = SwiftTest;
			sourceTree = "<group>";
		};
		694892E629E03BAE0034BF71 /* SwiftTestTests */ = {
			isa = PBXGroup;
			children = (
				694892E729E03BAE0034BF71 /* SwiftTestTests.swift */,
			);
			path = SwiftTestTests;
			sourceTree = "<group>";
		};
		694892F029E03BAE0034BF71 /* SwiftTestUITests */ = {
			isa = PBXGroup;
			children = (
				694892F129E03BAE0034BF71 /* SwiftTestUITests.swift */,
				694892F329E03BAE0034BF71 /* SwiftTestUITestsLaunchTests.swift */,
			);
			path = SwiftTestUITests;
			sourceTree = "<group>";
		};
/* End PBXGroup section */

/* Begin PBXNativeTarget section */
		694892CC29E03BAD0034BF71 /* SwiftTest */ = {
			isa = PBXNativeTarget;
			buildConfigurationList = 694892F729E03BAE0034BF71 /* Build configuration list for PBXNativeTarget "SwiftTest" */;
			buildPhases = (
				694892C929E03BAD0034BF71 /* Sources */,
				694892CA29E03BAD0034BF71 /* Frameworks */,
				694892CB29E03BAD0034BF71 /* Resources */,
			);
			buildRules = (
			);
			dependencies = (
			);
			name = SwiftTest;
			productName = SwiftTest;
			productReference = 694892CD29E03BAD0034BF71 /* SwiftTest.app */;
			productType = "com.apple.product-type.application";
		};
		694892E229E03BAE0034BF71 /* SwiftTestTests */ = {
			isa = PBXNativeTarget;
			buildConfigurationList = 694892FA29E03BAE0034BF71 /* Build configuration list for PBXNativeTarget "SwiftTestTests" */;
			buildPhases = (
				694892DF29E03BAE0034BF71 /* Sources */,
				694892E029E03BAE0034BF71 /* Frameworks */,
				694892E129E03BAE0034BF71 /* Resources */,
			);
			buildRules = (
			);
			dependencies = (
				694892E529E03BAE0034BF71 /* PBXTargetDependency */,
			);
			name = SwiftTestTests;
			productName = SwiftTestTests;
			productReference = 694892E329E03BAE0034BF71 /* SwiftTestTests.xctest */;
			productType = "com.apple.product-type.bundle.unit-test";
		};
		694892EC29E03BAE0034BF71 /* SwiftTestUITests */ = {
			isa = PBXNativeTarget;
			buildConfigurationList = 694892FD29E03BAE0034BF71 /* Build configuration list for PBXNativeTarget "SwiftTestUITests" */;
			buildPhases = (
				694892E929E03BAE0034BF71 /* Sources */,
				694892EA29E03BAE0034BF71 /* Frameworks */,
				694892EB29E03BAE0034BF71 /* Resources */,
			);
			buildRules = (
			);
			dependencies = (
				694892EF29E03BAE0034BF71 /* PBXTargetDependency */,
			);
			name = SwiftTestUITests;
			productName = SwiftTestUITests;
			productReference = 694892ED29E03BAE0034BF71 /* SwiftTestUITests.xctest */;
			productType = "com.apple.product-type.bundle.ui-testing";
		};
/* End PBXNativeTarget section */

/* Begin PBXProject section */
		694892C529E03BAD0034BF71 /* Project object */ = {
			isa = PBXProject;
			attributes = {
				BuildIndependentTargetsInParallel = 1;
				LastSwiftUpdateCheck = 1420;
				LastUpgradeCheck = 1420;
				TargetAttributes = {
					694892CC29E03BAD0034BF71 = {
						CreatedOnToolsVersion = 14.2;
					};
					694892E229E03BAE0034BF71 = {
						CreatedOnToolsVersion = 14.2;
						TestTargetID = 694892CC29E03BAD0034BF71;
					};
					694892EC29E03BAE0034BF71 = {
						CreatedOnToolsVersion = 14.2;
						TestTargetID = 694892CC29E03BAD0034BF71;
					};
				};
			};
			buildConfigurationList = 694892C829E03BAD0034BF71 /* Build configuration list for PBXProject "SwiftTest" */;
			compatibilityVersion = "Xcode 14.0";
			developmentRegion = en;
			hasScannedForEncodings = 0;
			knownRegions = (
				en,
				Base,
			);
			mainGroup = 694892C429E03BAD0034BF71;
			productRefGroup = 694892CE29E03BAD0034BF71 /* Products */;
			projectDirPath = "";
			projectRoot = "";
			targets = (
				694892CC29E03BAD0034BF71 /* SwiftTest */,
				694892E229E03BAE0034BF71 /* SwiftTestTests */,
				694892EC29E03BAE0034BF71 /* SwiftTestUITests */,
			);
		};
/* End PBXProject section */

/* Begin PBXResourcesBuildPhase section */
		694892CB29E03BAD0034BF71 /* Resources */ = {
			isa = PBXResourcesBuildPhase;
			buildActionMask = 2147483647;
			files = (
				694892DD29E03BAE0034BF71 /* LaunchScreen.storyboard in Resources */,
				694892DA29E03BAE0034BF71 /* Assets.xcassets in Resources */,
				694892D829E03BAD0034BF71 /* Main.storyboard in Resources */,
			);
			runOnlyForDeploymentPostprocessing = 0;
		};
		694892E129E03BAE0034BF71 /* Resources */ = {
			isa = PBXResourcesBuildPhase;
			buildActionMask = 2147483647;
			files = (
			);
			runOnlyForDeploymentPostprocessing = 0;
		};
		694892EB29E03BAE0034BF71 /* Resources */ = {
			isa = PBXResourcesBuildPhase;
			buildActionMask = 2147483647;
			files = (
			);
			runOnlyForDeploymentPostprocessing = 0;
		};
/* End PBXResourcesBuildPhase section */

/* Begin PBXSourcesBuildPhase section */
		694892C929E03BAD0034BF71 /* Sources */ = {
			isa = PBXSourcesBuildPhase;
			buildActionMask = 2147483647;
			files = (
				694892D529E03BAD0034BF71 /* ViewController.swift in Sources */,
				694892D129E03BAD0034BF71 /* AppDelegate.swift in Sources */,
				694892D329E03BAD0034BF71 /* SceneDelegate.swift in Sources */,
				6948930129E03BD10034BF71 /* MathFunc.swift in Sources */,
			);
			runOnlyForDeploymentPostprocessing = 0;
		};
		694892DF29E03BAE0034BF71 /* Sources */ = {
			isa = PBXSourcesBuildPhase;
			buildActionMask = 2147483647;
			files = (
				694892E829E03BAE0034BF71 /* SwiftTestTests.swift in Sources */,
			);
			runOnlyForDeploymentPostprocessing = 0;
		};
		694892E929E03BAE0034BF71 /* Sources */ = {
			isa = PBXSourcesBuildPhase;
			buildActionMask = 2147483647;
			files = (
				694892F429E03BAE0034BF71 /* SwiftTestUITestsLaunchTests.swift in Sources */,
				694892F229E03BAE0034BF71 /* SwiftTestUITests.swift in Sources */,
			);
			runOnlyForDeploymentPostprocessing = 0;
		};
/* End PBXSourcesBuildPhase section */

/* Begin PBXTargetDependency section */
		694892E529E03BAE0034BF71 /* PBXTargetDependency */ = {
			isa = PBXTargetDependency;
			target = 694892CC29E03BAD0034BF71 /* SwiftTest */;
			targetProxy = 694892E429E03BAE0034BF71 /* PBXContainerItemProxy */;
		};
		694892EF29E03BAE0034BF71 /* PBXTargetDependency */ = {
			isa = PBXTargetDependency;
			target = 694892CC29E03BAD0034BF71 /* SwiftTest */;
			targetProxy = 694892EE29E03BAE0034BF71 /* PBXContainerItemProxy */;
		};
/* End PBXTargetDependency section */

/* Begin PBXVariantGroup section */
		694892D629E03BAD0034BF71 /* Main.storyboard */ = {
			isa = PBXVariantGroup;
			children = (
				694892D729E03BAD0034BF71 /* Base */,
			);
			name = Main.storyboard;
			sourceTree = "<group>";
		};
		694892DB29E03BAE0034BF71 /* LaunchScreen.storyboard */ = {
			isa = PBXVariantGroup;
			children = (
				694892DC29E03BAE0034BF71 /* Base */,
			);
			name = LaunchScreen.storyboard;
			sourceTree = "<group>";
		};
/* End PBXVariantGroup section */

/* Begin XCBuildConfiguration section */
		694892F529E03BAE0034BF71 /* Debug */ = {
			isa = XCBuildConfiguration;
			buildSettings = {
				ALWAYS_SEARCH_USER_PATHS = NO;
				CLANG_ANALYZER_NONNULL = YES;
				CLANG_ANALYZER_NUMBER_OBJECT_CONVERSION = YES_AGGRESSIVE;
				CLANG_CXX_LANGUAGE_STANDARD = "gnu++20";
				CLANG_ENABLE_MODULES = YES;
				CLANG_ENABLE_OBJC_ARC = YES;
				CLANG_ENABLE_OBJC_WEAK = YES;
				CLANG_WARN_BLOCK_CAPTURE_AUTORELEASING = YES;
				CLANG_WARN_BOOL_CONVERSION = YES;
				CLANG_WARN_COMMA = YES;
				CLANG_WARN_CONSTANT_CONVERSION = YES;
				CLANG_WARN_DEPRECATED_OBJC_IMPLEMENTATIONS = YES;
				CLANG_WARN_DIRECT_OBJC_ISA_USAGE = YES_ERROR;
				CLANG_WARN_DOCUMENTATION_COMMENTS = YES;
				CLANG_WARN_EMPTY_BODY = YES;
				CLANG_WARN_ENUM_CONVERSION = YES;
				CLANG_WARN_INFINITE_RECURSION = YES;
				CLANG_WARN_INT_CONVERSION = YES;
				CLANG_WARN_NON_LITERAL_NULL_CONVERSION = YES;
				CLANG_WARN_OBJC_IMPLICIT_RETAIN_SELF = YES;
				CLANG_WARN_OBJC_LITERAL_CONVERSION = YES;
				CLANG_WARN_OBJC_ROOT_CLASS = YES_ERROR;
				CLANG_WARN_QUOTED_INCLUDE_IN_FRAMEWORK_HEADER = YES;
				CLANG_WARN_RANGE_LOOP_ANALYSIS = YES;
				CLANG_WARN_STRICT_PROTOTYPES = YES;
				CLANG_WARN_SUSPICIOUS_MOVE = YES;
				CLANG_WARN_UNGUARDED_AVAILABILITY = YES_AGGRESSIVE;
				CLANG_WARN_UNREACHABLE_CODE = YES;
				CLANG_WARN__DUPLICATE_METHOD_MATCH = YES;
				COPY_PHASE_STRIP = NO;
				DEBUG_INFORMATION_FORMAT = dwarf;
				ENABLE_STRICT_OBJC_MSGSEND = YES;
				ENABLE_TESTABILITY = YES;
				GCC_C_LANGUAGE_STANDARD = gnu11;
				GCC_DYNAMIC_NO_PIC = NO;
				GCC_NO_COMMON_BLOCKS = YES;
				GCC_OPTIMIZATION_LEVEL = 0;
				GCC_PREPROCESSOR_DEFINITIONS = (
					"DEBUG=1",
					"$(inherited)",
				);
				GCC_WARN_64_TO_32_BIT_CONVERSION = YES;
				GCC_WARN_ABOUT_RETURN_TYPE = YES_ERROR;
				GCC_WARN_UNDECLARED_SELECTOR = YES;
				GCC_WARN_UNINITIALIZED_AUTOS = YES_AGGRESSIVE;
				GCC_WARN_UNUSED_FUNCTION = YES;
				GCC_WARN_UNUSED_VARIABLE = YES;
				IPHONEOS_DEPLOYMENT_TARGET = 16.2;
				MTL_ENABLE_DEBUG_INFO = INCLUDE_SOURCE;
				MTL_FAST_MATH = YES;
				ONLY_ACTIVE_ARCH = YES;
				SDKROOT = iphoneos;
				SWIFT_ACTIVE_COMPILATION_CONDITIONS = DEBUG;
				SWIFT_OPTIMIZATION_LEVEL = "-Onone";
			};
			name = Debug;
		};
		694892F629E03BAE0034BF71 /* Release */ = {
			isa = XCBuildConfiguration;
			buildSettings = {
				ALWAYS_SEARCH_USER_PATHS = NO;
				CLANG_ANALYZER_NONNULL = YES;
				CLANG_ANALYZER_NUMBER_OBJECT_CONVERSION = YES_AGGRESSIVE;
				CLANG_CXX_LANGUAGE_STANDARD = "gnu++20";
				CLANG_ENABLE_MODULES = YES;
				CLANG_ENABLE_OBJC_ARC = YES;
				CLANG_ENABLE_OBJC_WEAK = YES;
				CLANG_WARN_BLOCK_CAPTURE_AUTORELEASING = YES;
				CLANG_WARN_BOOL_CONVERSION = YES;
				CLANG_WARN_COMMA = YES;
				CLANG_WARN_CONSTANT_CONVERSION = YES;
				CLANG_WARN_DEPRECATED_OBJC_IMPLEMENTATIONS = YES;
				CLANG_WARN_DIRECT_OBJC_ISA_USAGE = YES_ERROR;
				CLANG_WARN_DOCUMENTATION_COMMENTS = YES;
				CLANG_WARN_EMPTY_BODY = YES;
				CLANG_WARN_ENUM_CONVERSION = YES;
				CLANG_WARN_INFINITE_RECURSION = YES;
				CLANG_WARN_INT_CONVERSION = YES;
				CLANG_WARN_NON_LITERAL_NULL_CONVERSION = YES;
				CLANG_WARN_OBJC_IMPLICIT_RETAIN_SELF = YES;
				CLANG_WARN_OBJC_LITERAL_CONVERSION = YES;
				CLANG_WARN_OBJC_ROOT_CLASS = YES_ERROR;
				CLANG_WARN_QUOTED_INCLUDE_IN_FRAMEWORK_HEADER = YES;
				CLANG_WARN_RANGE_LOOP_ANALYSIS = YES;
				CLANG_WARN_STRICT_PROTOTYPES = YES;
				CLANG_WARN_SUSPICIOUS_MOVE = YES;
				CLANG_WARN_UNGUARDED_AVAILABILITY = YES_AGGRESSIVE;
				CLANG_WARN_UNREACHABLE_CODE = YES;
				CLANG_WARN__DUPLICATE_METHOD_MATCH = YES;
				COPY_PHASE_STRIP = NO;
				DEBUG_INFORMATION_FORMAT = "dwarf-with-dsym";
				ENABLE_NS_ASSERTIONS = NO;
				ENABLE_STRICT_OBJC_MSGSEND = YES;
				GCC_C_LANGUAGE_STANDARD = gnu11;
				GCC_NO_COMMON_BLOCKS = YES;
				GCC_WARN_64_TO_32_BIT_CONVERSION = YES;
				GCC_WARN_ABOUT_RETURN_TYPE = YES_ERROR;
				GCC_WARN_UNDECLARED_SELECTOR = YES;
				GCC_WARN_UNINITIALIZED_AUTOS = YES_AGGRESSIVE;
				GCC_WARN_UNUSED_FUNCTION = YES;
				GCC_WARN_UNUSED_VARIABLE = YES;
				IPHONEOS_DEPLOYMENT_TARGET = 16.2;
				MTL_ENABLE_DEBUG_INFO = NO;
				MTL_FAST_MATH = YES;
				SDKROOT = iphoneos;
				SWIFT_COMPILATION_MODE = wholemodule;
				SWIFT_OPTIMIZATION_LEVEL = "-O";
				VALIDATE_PRODUCT = YES;
			};
			name = Release;
		};
		694892F829E03BAE0034BF71 /* Debug */ = {
			isa = XCBuildConfiguration;
			buildSettings = {
				ASSETCATALOG_COMPILER_APPICON_NAME = AppIcon;
				ASSETCATALOG_COMPILER_GLOBAL_ACCENT_COLOR_NAME = AccentColor;
				CODE_SIGN_STYLE = Automatic;
				CURRENT_PROJECT_VERSION = 1;
				DEVELOPMENT_TEAM = XJ787FQBW9;
				GENERATE_INFOPLIST_FILE = YES;
				INFOPLIST_FILE = SwiftTest/Info.plist;
				INFOPLIST_KEY_UIApplicationSupportsIndirectInputEvents = YES;
				INFOPLIST_KEY_UILaunchStoryboardName = LaunchScreen;
				INFOPLIST_KEY_UIMainStoryboardFile = Main;
				INFOPLIST_KEY_UISupportedInterfaceOrientations_iPad = "UIInterfaceOrientationPortrait UIInterfaceOrientationPortraitUpsideDown UIInterfaceOrientationLandscapeLeft UIInterfaceOrientationLandscapeRight";
				INFOPLIST_KEY_UISupportedInterfaceOrientations_iPhone = "UIInterfaceOrientationPortrait UIInterfaceOrientationLandscapeLeft UIInterfaceOrientationLandscapeRight";
				LD_RUNPATH_SEARCH_PATHS = (
					"$(inherited)",
					"@executable_path/Frameworks",
				);
				MARKETING_VERSION = 1.0;
				PRODUCT_BUNDLE_IDENTIFIER = com.FarukYasar.SwiftTest;
				PRODUCT_NAME = "$(TARGET_NAME)";
				SWIFT_EMIT_LOC_STRINGS = YES;
				SWIFT_VERSION = 5.0;
				TARGETED_DEVICE_FAMILY = "1,2";
			};
			name = Debug;
		};
		694892F929E03BAE0034BF71 /* Release */ = {
			isa = XCBuildConfiguration;
			buildSettings = {
				ASSETCATALOG_COMPILER_APPICON_NAME = AppIcon;
				ASSETCATALOG_COMPILER_GLOBAL_ACCENT_COLOR_NAME = AccentColor;
				CODE_SIGN_STYLE = Automatic;
				CURRENT_PROJECT_VERSION = 1;
				DEVELOPMENT_TEAM = XJ787FQBW9;
				GENERATE_INFOPLIST_FILE = YES;
				INFOPLIST_FILE = SwiftTest/Info.plist;
				INFOPLIST_KEY_UIApplicationSupportsIndirectInputEvents = YES;
				INFOPLIST_KEY_UILaunchStoryboardName = LaunchScreen;
				INFOPLIST_KEY_UIMainStoryboardFile = Main;
				INFOPLIST_KEY_UISupportedInterfaceOrientations_iPad = "UIInterfaceOrientationPortrait UIInterfaceOrientationPortraitUpsideDown UIInterfaceOrientationLandscapeLeft UIInterfaceOrientationLandscapeRight";
				INFOPLIST_KEY_UISupportedInterfaceOrientations_iPhone = "UIInterfaceOrientationPortrait UIInterfaceOrientationLandscapeLeft UIInterfaceOrientationLandscapeRight";
				LD_RUNPATH_SEARCH_PATHS = (
					"$(inherited)",
					"@executable_path/Frameworks",
				);
				MARKETING_VERSION = 1.0;
				PRODUCT_BUNDLE_IDENTIFIER = com.FarukYasar.SwiftTest;
				PRODUCT_NAME = "$(TARGET_NAME)";
				SWIFT_EMIT_LOC_STRINGS = YES;
				SWIFT_VERSION = 5.0;
				TARGETED_DEVICE_FAMILY = "1,2";
			};
			name = Release;
		};
		694892FB29E03BAE0034BF71 /* Debug */ = {
			isa = XCBuildConfiguration;
			buildSettings = {
				ALWAYS_EMBED_SWIFT_STANDARD_LIBRARIES = YES;
				BUNDLE_LOADER = "$(TEST_HOST)";
				CODE_SIGN_STYLE = Automatic;
				CURRENT_PROJECT_VERSION = 1;
				DEVELOPMENT_TEAM = XJ787FQBW9;
				GENERATE_INFOPLIST_FILE = YES;
				IPHONEOS_DEPLOYMENT_TARGET = 16.2;
				MARKETING_VERSION = 1.0;
				PRODUCT_BUNDLE_IDENTIFIER = com.FarukYasar.SwiftTestTests;
				PRODUCT_NAME = "$(TARGET_NAME)";
				SWIFT_EMIT_LOC_STRINGS = NO;
				SWIFT_VERSION = 5.0;
				TARGETED_DEVICE_FAMILY = "1,2";
				TEST_HOST = "$(BUILT_PRODUCTS_DIR)/SwiftTest.app/$(BUNDLE_EXECUTABLE_FOLDER_PATH)/SwiftTest";
			};
			name = Debug;
		};
		694892FC29E03BAE0034BF71 /* Release */ = {
			isa = XCBuildConfiguration;
			buildSettings = {
				ALWAYS_EMBED_SWIFT_STANDARD_LIBRARIES = YES;
				BUNDLE_LOADER = "$(TEST_HOST)";
				CODE_SIGN_STYLE = Automatic;
				CURRENT_PROJECT_VERSION = 1;
				DEVELOPMENT_TEAM = XJ787FQBW9;
				GENERATE_INFOPLIST_FILE = YES;
				IPHONEOS_DEPLOYMENT_TARGET = 16.2;
				MARKETING_VERSION = 1.0;
				PRODUCT_BUNDLE_IDENTIFIER = com.FarukYasar.SwiftTestTests;
				PRODUCT_NAME = "$(TARGET_NAME)";
				SWIFT_EMIT_LOC_STRINGS = NO;
				SWIFT_VERSION = 5.0;
				TARGETED_DEVICE_FAMILY = "1,2";
				TEST_HOST = "$(BUILT_PRODUCTS_DIR)/SwiftTest.app/$(BUNDLE_EXECUTABLE_FOLDER_PATH)/SwiftTest";
			};
			name = Release;
		};
		694892FE29E03BAE0034BF71 /* Debug */ = {
			isa = XCBuildConfiguration;
			buildSettings = {
				ALWAYS_EMBED_SWIFT_STANDARD_LIBRARIES = YES;
				CODE_SIGN_STYLE = Automatic;
				CURRENT_PROJECT_VERSION = 1;
				DEVELOPMENT_TEAM = XJ787FQBW9;
				GENERATE_INFOPLIST_FILE = YES;
				MARKETING_VERSION = 1.0;
				PRODUCT_BUNDLE_IDENTIFIER = com.FarukYasar.SwiftTestUITests;
				PRODUCT_NAME = "$(TARGET_NAME)";
				SWIFT_EMIT_LOC_STRINGS = NO;
				SWIFT_VERSION = 5.0;
				TARGETED_DEVICE_FAMILY = "1,2";
				TEST_TARGET_NAME = SwiftTest;
			};
			name = Debug;
		};
		694892FF29E03BAE0034BF71 /* Release */ = {
			isa = XCBuildConfiguration;
			buildSettings = {
				ALWAYS_EMBED_SWIFT_STANDARD_LIBRARIES = YES;
				CODE_SIGN_STYLE = Automatic;
				CURRENT_PROJECT_VERSION = 1;
				DEVELOPMENT_TEAM = XJ787FQBW9;
				GENERATE_INFOPLIST_FILE = YES;
				MARKETING_VERSION = 1.0;
				PRODUCT_BUNDLE_IDENTIFIER = com.FarukYasar.SwiftTestUITests;
				PRODUCT_NAME = "$(TARGET_NAME)";
				SWIFT_EMIT_LOC_STRINGS = NO;
				SWIFT_VERSION = 5.0;
				TARGETED_DEVICE_FAMILY = "1,2";
				TEST_TARGET_NAME = SwiftTest;
			};
			name = Release;
		};
/* End XCBuildConfiguration section */

/* Begin XCConfigurationList section */
		694892C829E03BAD0034BF71 /* Build configuration list for PBXProject "SwiftTest" */ = {
			isa = XCConfigurationList;
			buildConfigurations = (
				694892F529E03BAE0034BF71 /* Debug */,
				694892F629E03BAE0034BF71 /* Release */,
			);
			defaultConfigurationIsVisible = 0;
			defaultConfigurationName = Release;
		};
		694892F729E03BAE0034BF71 /* Build configuration list for PBXNativeTarget "SwiftTest" */ = {
			isa = XCConfigurationList;
			buildConfigurations = (
				694892F829E03BAE0034BF71 /* Debug */,
				694892F929E03BAE0034BF71 /* Release */,
			);
			defaultConfigurationIsVisible = 0;
			defaultConfigurationName = Release;
		};
		694892FA29E03BAE0034BF71 /* Build configuration list for PBXNativeTarget "SwiftTestTests" */ = {
			isa = XCConfigurationList;
			buildConfigurations = (
				694892FB29E03BAE0034BF71 /* Debug */,
				694892FC29E03BAE0034BF71 /* Release */,
			);
			defaultConfigurationIsVisible = 0;
			defaultConfigurationName = Release;
		};
		694892FD29E03BAE0034BF71 /* Build configuration list for PBXNativeTarget "SwiftTestUITests" */ = {
			isa = XCConfigurationList;
			buildConfigurations = (
				694892FE29E03BAE0034BF71 /* Debug */,
				694892FF29E03BAE0034BF71 /* Release */,
			);
			defaultConfigurationIsVisible = 0;
			defaultConfigurationName = Release;
		};
/* End XCConfigurationList section */
	};
	rootObject = 694892C529E03BAD0034BF71 /* Project object */;
}
